
Microsoft Visual Studio Solution File, Format Version 12.00
# Visual Studio Version 16
VisualStudioVersion = 16.0.31729.503
MinimumVisualStudioVersion = 10.0.40219.1
Project("{8BC9CEB8-8B4A-11D0-8D11-00A0C91BC942}") = "The Worldguard Beginnings", "The Worldguard Beginnings.vcxproj", "{B63555F8-9771-4858-9006-E30FBB955140}"
EndProject
Global
	GlobalSection(SolutionConfigurationPlatforms) = preSolution
		Debug|x64 = Debug|x64
		Debug|x86 = Debug|x86
		Release|x64 = Release|x64
		Release|x86 = Release|x86
	EndGlobalSection
	GlobalSection(ProjectConfigurationPlatforms) = postSolution
		{B63555F8-9771-4858-9006-E30FBB955140}.Debug|x64.ActiveCfg = Debug|x64
		{B63555F8-9771-4858-9006-E30FBB955140}.Debug|x64.Build.0 = Debug|x64
		{B63555F8-9771-4858-9006-E30FBB955140}.Debug|x86.ActiveCfg = Debug|Win32
		{B63555F8-9771-4858-9006-E30FBB955140}.Debug|x86.Build.0 = Debug|Win32
		{B63555F8-9771-4858-9006-E30FBB955140}.Release|x64.ActiveCfg = Release|x64
		{B63555F8-9771-4858-9006-E30FBB955140}.Release|x64.Build.0 = Release|x64
		{B63555F8-9771-4858-9006-E30FBB955140}.Release|x86.ActiveCfg = Release|Win32
		{B63555F8-9771-4858-9006-E30FBB955140}.Release|x86.Build.0 = Release|Win32
	EndGlobalSection
	GlobalSection(SolutionProperties) = preSolution
		HideSolutionNode = FALSE
	EndGlobalSection
	GlobalSection(ExtensibilityGlobals) = postSolution
		SolutionGuid = {6F9BFEF1-6F94-4D3C-800E-B9172EA51621}
	EndGlobalSection
EndGlobal
